
Microsoft Visual Studio Solution File, Format Version 12.00
# Visual Studio Version 17
VisualStudioVersion = 17.5.33530.505
MinimumVisualStudioVersion = 10.0.40219.1
Project("{9A19103F-16F7-4668-BE54-9A1E7A4F7556}") = "Calculator-XUnit&Acceptanstestning", "Calculator-XUnit&Acceptanstestning.csproj", "{640175A7-E71C-4002-8FCB-4C83EC6ABC00}"
EndProject
Project("{FAE04EC0-301F-11D3-BF4B-00C04F79EFBC}") = "CalculatorTest", "..\CalculatorTest\CalculatorTest.csproj", "{802B5A80-6A30-47C8-AFD4-E47549B8A618}"
EndProject
Global
	GlobalSection(SolutionConfigurationPlatforms) = preSolution
		Debug|Any CPU = Debug|Any CPU
		Release|Any CPU = Release|Any CPU
	EndGlobalSection
	GlobalSection(ProjectConfigurationPlatforms) = postSolution
		{640175A7-E71C-4002-8FCB-4C83EC6ABC00}.Debug|Any CPU.ActiveCfg = Debug|Any CPU
		{640175A7-E71C-4002-8FCB-4C83EC6ABC00}.Debug|Any CPU.Build.0 = Debug|Any CPU
		{640175A7-E71C-4002-8FCB-4C83EC6ABC00}.Release|Any CPU.ActiveCfg = Release|Any CPU
		{640175A7-E71C-4002-8FCB-4C83EC6ABC00}.Release|Any CPU.Build.0 = Release|Any CPU
		{802B5A80-6A30-47C8-AFD4-E47549B8A618}.Debug|Any CPU.ActiveCfg = Debug|Any CPU
		{802B5A80-6A30-47C8-AFD4-E47549B8A618}.Debug|Any CPU.Build.0 = Debug|Any CPU
		{802B5A80-6A30-47C8-AFD4-E47549B8A618}.Release|Any CPU.ActiveCfg = Release|Any CPU
		{802B5A80-6A30-47C8-AFD4-E47549B8A618}.Release|Any CPU.Build.0 = Release|Any CPU
	EndGlobalSection
	GlobalSection(SolutionProperties) = preSolution
		HideSolutionNode = FALSE
	EndGlobalSection
	GlobalSection(ExtensibilityGlobals) = postSolution
		SolutionGuid = {0CE2667F-09B4-4975-90BA-C0588563F387}
	EndGlobalSection
EndGlobal
